
Microsoft Visual Studio Solution File, Format Version 12.00
# Visual Studio Version 16
VisualStudioVersion = 16.0.34601.136
MinimumVisualStudioVersion = 10.0.40219.1
Project("{FAE04EC0-301F-11D3-BF4B-00C04F79EFBC}") = "GridEmployee", "GridEmployee.csproj", "{90132D76-2C4A-4DB7-9BE8-E9F2BFCB535B}"
EndProject
Global
	GlobalSection(SolutionConfigurationPlatforms) = preSolution
		Debug|Any CPU = Debug|Any CPU
		Release|Any CPU = Release|Any CPU
	EndGlobalSection
	GlobalSection(ProjectConfigurationPlatforms) = postSolution
		{90132D76-2C4A-4DB7-9BE8-E9F2BFCB535B}.Debug|Any CPU.ActiveCfg = Debug|Any CPU
		{90132D76-2C4A-4DB7-9BE8-E9F2BFCB535B}.Debug|Any CPU.Build.0 = Debug|Any CPU
		{90132D76-2C4A-4DB7-9BE8-E9F2BFCB535B}.Release|Any CPU.ActiveCfg = Release|Any CPU
		{90132D76-2C4A-4DB7-9BE8-E9F2BFCB535B}.Release|Any CPU.Build.0 = Release|Any CPU
	EndGlobalSection
	GlobalSection(SolutionProperties) = preSolution
		HideSolutionNode = FALSE
	EndGlobalSection
	GlobalSection(ExtensibilityGlobals) = postSolution
		SolutionGuid = {EE8129F7-393B-4A29-A707-B7B86D7800B3}
	EndGlobalSection
EndGlobal
